
Microsoft Visual Studio Solution File, Format Version 12.00
# Visual Studio 15
VisualStudioVersion = 15.0.28010.2026
MinimumVisualStudioVersion = 10.0.40219.1
Project("{9A19103F-16F7-4668-BE54-9A1E7A4F7556}") = "Zoey.Dapper", "Zoey.Dapper\Zoey.Dapper.csproj", "{7DBB9990-9F3E-45B5-9597-E164CEEFB508}"
EndProject
Project("{9A19103F-16F7-4668-BE54-9A1E7A4F7556}") = "Zoey.Dapper.MSSQLserver", "Zoey.Dapper.MSSQLserver\Zoey.Dapper.MSSQLserver.csproj", "{D3B6872E-EE2F-48A2-9804-1C73A8D53DA7}"
EndProject
Project("{9A19103F-16F7-4668-BE54-9A1E7A4F7556}") = "Zoey.Dapper.Test", "Zoey.Dapper.Test\Zoey.Dapper.Test.csproj", "{CE1DB55B-3243-440F-889B-A7118A6A2B45}"
EndProject
Project("{FAE04EC0-301F-11D3-BF4B-00C04F79EFBC}") = "Zoey.Dapper.MySql", "Zoey.Dapper.MySql\Zoey.Dapper.MySql.csproj", "{5CA75C81-12D3-432F-95FC-4FC419A41F87}"
EndProject
Global
	GlobalSection(SolutionConfigurationPlatforms) = preSolution
		Debug|Any CPU = Debug|Any CPU
		Release|Any CPU = Release|Any CPU
	EndGlobalSection
	GlobalSection(ProjectConfigurationPlatforms) = postSolution
		{7DBB9990-9F3E-45B5-9597-E164CEEFB508}.Debug|Any CPU.ActiveCfg = Debug|Any CPU
		{7DBB9990-9F3E-45B5-9597-E164CEEFB508}.Debug|Any CPU.Build.0 = Debug|Any CPU
		{7DBB9990-9F3E-45B5-9597-E164CEEFB508}.Release|Any CPU.ActiveCfg = Release|Any CPU
		{7DBB9990-9F3E-45B5-9597-E164CEEFB508}.Release|Any CPU.Build.0 = Release|Any CPU
		{D3B6872E-EE2F-48A2-9804-1C73A8D53DA7}.Debug|Any CPU.ActiveCfg = Debug|Any CPU
		{D3B6872E-EE2F-48A2-9804-1C73A8D53DA7}.Debug|Any CPU.Build.0 = Debug|Any CPU
		{D3B6872E-EE2F-48A2-9804-1C73A8D53DA7}.Release|Any CPU.ActiveCfg = Release|Any CPU
		{D3B6872E-EE2F-48A2-9804-1C73A8D53DA7}.Release|Any CPU.Build.0 = Release|Any CPU
		{CE1DB55B-3243-440F-889B-A7118A6A2B45}.Debug|Any CPU.ActiveCfg = Debug|Any CPU
		{CE1DB55B-3243-440F-889B-A7118A6A2B45}.Debug|Any CPU.Build.0 = Debug|Any CPU
		{CE1DB55B-3243-440F-889B-A7118A6A2B45}.Release|Any CPU.ActiveCfg = Release|Any CPU
		{CE1DB55B-3243-440F-889B-A7118A6A2B45}.Release|Any CPU.Build.0 = Release|Any CPU
		{5CA75C81-12D3-432F-95FC-4FC419A41F87}.Debug|Any CPU.ActiveCfg = Debug|Any CPU
		{5CA75C81-12D3-432F-95FC-4FC419A41F87}.Debug|Any CPU.Build.0 = Debug|Any CPU
		{5CA75C81-12D3-432F-95FC-4FC419A41F87}.Release|Any CPU.ActiveCfg = Release|Any CPU
		{5CA75C81-12D3-432F-95FC-4FC419A41F87}.Release|Any CPU.Build.0 = Release|Any CPU
	EndGlobalSection
	GlobalSection(SolutionProperties) = preSolution
		HideSolutionNode = FALSE
	EndGlobalSection
	GlobalSection(ExtensibilityGlobals) = postSolution
		SolutionGuid = {84ABEE68-964B-4AB8-8000-06B4D15F92D4}
	EndGlobalSection
EndGlobal
